
Microsoft Visual Studio Solution File, Format Version 12.00
# Visual Studio Version 17
VisualStudioVersion = 17.14.36327.8 d17.14
MinimumVisualStudioVersion = 10.0.40219.1
Project("{FAE04EC0-301F-11D3-BF4B-00C04F79EFBC}") = "EngineArt", "EngineArt.csproj", "{A078135C-9862-6FE8-DB6F-505BA5DC06DC}"
EndProject
Global
	GlobalSection(SolutionConfigurationPlatforms) = preSolution
		Debug|Any CPU = Debug|Any CPU
		Release|Any CPU = Release|Any CPU
	EndGlobalSection
	GlobalSection(ProjectConfigurationPlatforms) = postSolution
		{A078135C-9862-6FE8-DB6F-505BA5DC06DC}.Debug|Any CPU.ActiveCfg = Debug|Any CPU
		{A078135C-9862-6FE8-DB6F-505BA5DC06DC}.Debug|Any CPU.Build.0 = Debug|Any CPU
		{A078135C-9862-6FE8-DB6F-505BA5DC06DC}.Release|Any CPU.ActiveCfg = Release|Any CPU
		{A078135C-9862-6FE8-DB6F-505BA5DC06DC}.Release|Any CPU.Build.0 = Release|Any CPU
	EndGlobalSection
	GlobalSection(SolutionProperties) = preSolution
		HideSolutionNode = FALSE
	EndGlobalSection
	GlobalSection(ExtensibilityGlobals) = postSolution
		SolutionGuid = {56531358-8734-4B43-8F7B-19524E450178}
	EndGlobalSection
EndGlobal
